
Microsoft Visual Studio Solution File, Format Version 12.00
# Visual Studio Version 16
VisualStudioVersion = 25.0.1700.0
MinimumVisualStudioVersion = 10.0.40219.1
Project("{FAE04EC0-301F-11D3-BF4B-00C04F79EFBC}") = "Moment1", "Moment1\Moment1.csproj", "{3499B8A0-68FB-4667-8D13-1096FB274335}"
EndProject
Global
	GlobalSection(SolutionConfigurationPlatforms) = preSolution
		Debug|Any CPU = Debug|Any CPU
		Release|Any CPU = Release|Any CPU
	EndGlobalSection
	GlobalSection(ProjectConfigurationPlatforms) = postSolution
		{3499B8A0-68FB-4667-8D13-1096FB274335}.Debug|Any CPU.ActiveCfg = Debug|Any CPU
		{3499B8A0-68FB-4667-8D13-1096FB274335}.Debug|Any CPU.Build.0 = Debug|Any CPU
		{3499B8A0-68FB-4667-8D13-1096FB274335}.Release|Any CPU.ActiveCfg = Release|Any CPU
		{3499B8A0-68FB-4667-8D13-1096FB274335}.Release|Any CPU.Build.0 = Release|Any CPU
	EndGlobalSection
	GlobalSection(SolutionProperties) = preSolution
		HideSolutionNode = FALSE
	EndGlobalSection
	GlobalSection(ExtensibilityGlobals) = postSolution
		SolutionGuid = {A5F5FC53-0304-497E-A0D3-2779992C3B78}
	EndGlobalSection
EndGlobal
